
Microsoft Visual Studio Solution File, Format Version 12.00
# Visual Studio Version 16
VisualStudioVersion = 16.0.32126.315
MinimumVisualStudioVersion = 10.0.40219.1
Project("{9A19103F-16F7-4668-BE54-9A1E7A4F7556}") = "UpgraderPlus", "UpgraderPlus.csproj", "{74ADD28A-AB67-4811-A6FA-A019DA82E2D1}"
EndProject
Global
	GlobalSection(SolutionConfigurationPlatforms) = preSolution
		Debug|Any CPU = Debug|Any CPU
		Release|Any CPU = Release|Any CPU
	EndGlobalSection
	GlobalSection(ProjectConfigurationPlatforms) = postSolution
		{74ADD28A-AB67-4811-A6FA-A019DA82E2D1}.Debug|Any CPU.ActiveCfg = Debug|Any CPU
		{74ADD28A-AB67-4811-A6FA-A019DA82E2D1}.Debug|Any CPU.Build.0 = Debug|Any CPU
		{74ADD28A-AB67-4811-A6FA-A019DA82E2D1}.Release|Any CPU.ActiveCfg = Release|Any CPU
		{74ADD28A-AB67-4811-A6FA-A019DA82E2D1}.Release|Any CPU.Build.0 = Release|Any CPU
	EndGlobalSection
	GlobalSection(SolutionProperties) = preSolution
		HideSolutionNode = FALSE
	EndGlobalSection
	GlobalSection(ExtensibilityGlobals) = postSolution
		SolutionGuid = {C0C102FF-8D22-4C61-A58D-4A6FC009DC57}
	EndGlobalSection
EndGlobal
