
Microsoft Visual Studio Solution File, Format Version 12.00
# Visual Studio Version 17
VisualStudioVersion = 17.2.32526.322
MinimumVisualStudioVersion = 10.0.40219.1
Project("{9A19103F-16F7-4668-BE54-9A1E7A4F7556}") = "UpgradePlus", "UpgradePlus.csproj", "{FD579D64-61E7-4C99-8F98-6CAA3E2E382A}"
EndProject
Global
	GlobalSection(SolutionConfigurationPlatforms) = preSolution
		Debug|Any CPU = Debug|Any CPU
		Release|Any CPU = Release|Any CPU
	EndGlobalSection
	GlobalSection(ProjectConfigurationPlatforms) = postSolution
		{FD579D64-61E7-4C99-8F98-6CAA3E2E382A}.Debug|Any CPU.ActiveCfg = Debug|Any CPU
		{FD579D64-61E7-4C99-8F98-6CAA3E2E382A}.Debug|Any CPU.Build.0 = Debug|Any CPU
		{FD579D64-61E7-4C99-8F98-6CAA3E2E382A}.Release|Any CPU.ActiveCfg = Release|Any CPU
		{FD579D64-61E7-4C99-8F98-6CAA3E2E382A}.Release|Any CPU.Build.0 = Release|Any CPU
	EndGlobalSection
	GlobalSection(SolutionProperties) = preSolution
		HideSolutionNode = FALSE
	EndGlobalSection
	GlobalSection(ExtensibilityGlobals) = postSolution
		SolutionGuid = {696CA156-0109-4F6A-947C-79AF33BC68E6}
	EndGlobalSection
EndGlobal
